
Microsoft Visual Studio Solution File, Format Version 12.00
# Visual Studio Version 17
VisualStudioVersion = 17.6.33723.286
MinimumVisualStudioVersion = 10.0.40219.1
Project("{FAE04EC0-301F-11D3-BF4B-00C04F79EFBC}") = "CompoundInterestCalculator", "CompoundInterestCalculator\CompoundInterestCalculator.csproj", "{F09A281F-BFD3-45CE-B76A-7C9E5E068A98}"
EndProject
Project("{FAE04EC0-301F-11D3-BF4B-00C04F79EFBC}") = "CompoundInterestCalculatorTests", "CompoundInterestCalculatorTests\CompoundInterestCalculatorTests.csproj", "{E26BD599-4F10-44AF-9064-5B7933E7268A}"
EndProject
Global
	GlobalSection(SolutionConfigurationPlatforms) = preSolution
		Debug|Any CPU = Debug|Any CPU
		Release|Any CPU = Release|Any CPU
	EndGlobalSection
	GlobalSection(ProjectConfigurationPlatforms) = postSolution
		{F09A281F-BFD3-45CE-B76A-7C9E5E068A98}.Debug|Any CPU.ActiveCfg = Debug|Any CPU
		{F09A281F-BFD3-45CE-B76A-7C9E5E068A98}.Debug|Any CPU.Build.0 = Debug|Any CPU
		{F09A281F-BFD3-45CE-B76A-7C9E5E068A98}.Release|Any CPU.ActiveCfg = Release|Any CPU
		{F09A281F-BFD3-45CE-B76A-7C9E5E068A98}.Release|Any CPU.Build.0 = Release|Any CPU
		{E26BD599-4F10-44AF-9064-5B7933E7268A}.Debug|Any CPU.ActiveCfg = Debug|Any CPU
		{E26BD599-4F10-44AF-9064-5B7933E7268A}.Debug|Any CPU.Build.0 = Debug|Any CPU
		{E26BD599-4F10-44AF-9064-5B7933E7268A}.Release|Any CPU.ActiveCfg = Release|Any CPU
		{E26BD599-4F10-44AF-9064-5B7933E7268A}.Release|Any CPU.Build.0 = Release|Any CPU
	EndGlobalSection
	GlobalSection(SolutionProperties) = preSolution
		HideSolutionNode = FALSE
	EndGlobalSection
	GlobalSection(ExtensibilityGlobals) = postSolution
		SolutionGuid = {5C64B50B-6F84-4895-AAC2-B995415599F3}
	EndGlobalSection
EndGlobal
